{
  "name": "js",
  "lockfileVersion": 2,
  "requires": true,
  "packages": {
    "": {
      "dependencies": {
        "three": "^0.126.0"
      }
    },
    "node_modules/three": {
      "version": "0.126.0",
      "resolved": "https://registry.npmjs.org/three/-/three-0.126.0.tgz",
      "integrity": "sha512-/MecvboUefStCkUfXLImoJxthN+FoLPcEP7pz1r1Dd9i8BPGGuj+S1sOPRvW4Z+ViZjP2oWWm1inNC/MT52ybA=="
    }
  },
  "dependencies": {
    "three": {
      "version": "0.126.0",
      "resolved": "https://registry.npmjs.org/three/-/three-0.126.0.tgz",
      "integrity": "sha512-/MecvboUefStCkUfXLImoJxthN+FoLPcEP7pz1r1Dd9i8BPGGuj+S1sOPRvW4Z+ViZjP2oWWm1inNC/MT52ybA=="
    }
  }
}
